
Microsoft Visual Studio Solution File, Format Version 12.00
# Visual Studio Version 17
VisualStudioVersion = 17.13.35806.99 d17.13
MinimumVisualStudioVersion = 10.0.40219.1
Project("{FAE04EC0-301F-11D3-BF4B-00C04F79EFBC}") = "PRN232.Lab1.API", "PRN232.Lab1.API\PRN232.Lab1.API.csproj", "{5F53936F-AFD8-444C-BD35-7C8366E4809C}"
EndProject
Project("{FAE04EC0-301F-11D3-BF4B-00C04F79EFBC}") = "PRN232.Lab1.Domain", "PRN232.Lab1.Domain\PRN232.Lab1.Domain.csproj", "{757A1AC1-1F66-4073-943E-18B678825623}"
EndProject
Project("{FAE04EC0-301F-11D3-BF4B-00C04F79EFBC}") = "PRN232.Lab1.Repository", "PRN232.Lab1.Repository\PRN232.Lab1.Repository.csproj", "{D7F93188-81BD-4567-A9FD-388F593D3E49}"
EndProject
Global
	GlobalSection(SolutionConfigurationPlatforms) = preSolution
		Debug|Any CPU = Debug|Any CPU
		Release|Any CPU = Release|Any CPU
	EndGlobalSection
	GlobalSection(ProjectConfigurationPlatforms) = postSolution
		{5F53936F-AFD8-444C-BD35-7C8366E4809C}.Debug|Any CPU.ActiveCfg = Debug|Any CPU
		{5F53936F-AFD8-444C-BD35-7C8366E4809C}.Debug|Any CPU.Build.0 = Debug|Any CPU
		{5F53936F-AFD8-444C-BD35-7C8366E4809C}.Release|Any CPU.ActiveCfg = Release|Any CPU
		{5F53936F-AFD8-444C-BD35-7C8366E4809C}.Release|Any CPU.Build.0 = Release|Any CPU
		{757A1AC1-1F66-4073-943E-18B678825623}.Debug|Any CPU.ActiveCfg = Debug|Any CPU
		{757A1AC1-1F66-4073-943E-18B678825623}.Debug|Any CPU.Build.0 = Debug|Any CPU
		{757A1AC1-1F66-4073-943E-18B678825623}.Release|Any CPU.ActiveCfg = Release|Any CPU
		{757A1AC1-1F66-4073-943E-18B678825623}.Release|Any CPU.Build.0 = Release|Any CPU
		{D7F93188-81BD-4567-A9FD-388F593D3E49}.Debug|Any CPU.ActiveCfg = Debug|Any CPU
		{D7F93188-81BD-4567-A9FD-388F593D3E49}.Debug|Any CPU.Build.0 = Debug|Any CPU
		{D7F93188-81BD-4567-A9FD-388F593D3E49}.Release|Any CPU.ActiveCfg = Release|Any CPU
		{D7F93188-81BD-4567-A9FD-388F593D3E49}.Release|Any CPU.Build.0 = Release|Any CPU
	EndGlobalSection
	GlobalSection(SolutionProperties) = preSolution
		HideSolutionNode = FALSE
	EndGlobalSection
	GlobalSection(ExtensibilityGlobals) = postSolution
		SolutionGuid = {E9AE543B-5612-4718-A847-BB39FD6C2FE6}
	EndGlobalSection
EndGlobal
